
Microsoft Visual Studio Solution File, Format Version 12.00
Project("{FAE04EC0-301F-11D3-BF4B-00C04F79EFBC}") = "OpcRouter", "OpcRouter\OpcRouter.csproj", "{29E42D90-EB46-4A91-88D7-4B25596FA247}"
EndProject
Global
	GlobalSection(SolutionConfigurationPlatforms) = preSolution
		Debug|Any CPU = Debug|Any CPU
		Release|Any CPU = Release|Any CPU
	EndGlobalSection
	GlobalSection(ProjectConfigurationPlatforms) = postSolution
		{29E42D90-EB46-4A91-88D7-4B25596FA247}.Debug|Any CPU.ActiveCfg = Debug|Any CPU
		{29E42D90-EB46-4A91-88D7-4B25596FA247}.Debug|Any CPU.Build.0 = Debug|Any CPU
		{29E42D90-EB46-4A91-88D7-4B25596FA247}.Release|Any CPU.ActiveCfg = Release|Any CPU
		{29E42D90-EB46-4A91-88D7-4B25596FA247}.Release|Any CPU.Build.0 = Release|Any CPU
	EndGlobalSection
EndGlobal
